
Microsoft Visual Studio Solution File, Format Version 12.00
# Visual Studio Version 17
VisualStudioVersion = 17.0.31903.59
MinimumVisualStudioVersion = 10.0.40219.1
Project("{FAE04EC0-301F-11D3-BF4B-00C04F79EFBC}") = "Sender", "sender\Sender.csproj", "{755AC416-BF66-4303-BD03-5A555F941FDD}"
EndProject
Project("{FAE04EC0-301F-11D3-BF4B-00C04F79EFBC}") = "Receiver", "Receiver\Receiver.csproj", "{3E89CF9B-328C-4522-BABE-4D7264C84238}"
EndProject
Global
	GlobalSection(SolutionConfigurationPlatforms) = preSolution
		Debug|Any CPU = Debug|Any CPU
		Release|Any CPU = Release|Any CPU
	EndGlobalSection
	GlobalSection(SolutionProperties) = preSolution
		HideSolutionNode = FALSE
	EndGlobalSection
	GlobalSection(ProjectConfigurationPlatforms) = postSolution
		{755AC416-BF66-4303-BD03-5A555F941FDD}.Debug|Any CPU.ActiveCfg = Debug|Any CPU
		{755AC416-BF66-4303-BD03-5A555F941FDD}.Debug|Any CPU.Build.0 = Debug|Any CPU
		{755AC416-BF66-4303-BD03-5A555F941FDD}.Release|Any CPU.ActiveCfg = Release|Any CPU
		{755AC416-BF66-4303-BD03-5A555F941FDD}.Release|Any CPU.Build.0 = Release|Any CPU
		{3E89CF9B-328C-4522-BABE-4D7264C84238}.Debug|Any CPU.ActiveCfg = Debug|Any CPU
		{3E89CF9B-328C-4522-BABE-4D7264C84238}.Debug|Any CPU.Build.0 = Debug|Any CPU
		{3E89CF9B-328C-4522-BABE-4D7264C84238}.Release|Any CPU.ActiveCfg = Release|Any CPU
		{3E89CF9B-328C-4522-BABE-4D7264C84238}.Release|Any CPU.Build.0 = Release|Any CPU
	EndGlobalSection
EndGlobal
