
Microsoft Visual Studio Solution File, Format Version 12.00
# Visual Studio Version 17
VisualStudioVersion = 17.0.31903.59
MinimumVisualStudioVersion = 10.0.40219.1
Project("{FAE04EC0-301F-11D3-BF4B-00C04F79EFBC}") = "Sender", "Sender\Sender.csproj", "{9FEF6F81-8080-46C2-ADC7-74974FE85973}"
EndProject
Project("{FAE04EC0-301F-11D3-BF4B-00C04F79EFBC}") = "Receiver", "Receiver\Receiver.csproj", "{7AFD5FAB-8838-4E81-BFAD-F238F8C3D0F1}"
EndProject
Global
	GlobalSection(SolutionConfigurationPlatforms) = preSolution
		Debug|Any CPU = Debug|Any CPU
		Release|Any CPU = Release|Any CPU
	EndGlobalSection
	GlobalSection(SolutionProperties) = preSolution
		HideSolutionNode = FALSE
	EndGlobalSection
	GlobalSection(ProjectConfigurationPlatforms) = postSolution
		{9FEF6F81-8080-46C2-ADC7-74974FE85973}.Debug|Any CPU.ActiveCfg = Debug|Any CPU
		{9FEF6F81-8080-46C2-ADC7-74974FE85973}.Debug|Any CPU.Build.0 = Debug|Any CPU
		{9FEF6F81-8080-46C2-ADC7-74974FE85973}.Release|Any CPU.ActiveCfg = Release|Any CPU
		{9FEF6F81-8080-46C2-ADC7-74974FE85973}.Release|Any CPU.Build.0 = Release|Any CPU
		{7AFD5FAB-8838-4E81-BFAD-F238F8C3D0F1}.Debug|Any CPU.ActiveCfg = Debug|Any CPU
		{7AFD5FAB-8838-4E81-BFAD-F238F8C3D0F1}.Debug|Any CPU.Build.0 = Debug|Any CPU
		{7AFD5FAB-8838-4E81-BFAD-F238F8C3D0F1}.Release|Any CPU.ActiveCfg = Release|Any CPU
		{7AFD5FAB-8838-4E81-BFAD-F238F8C3D0F1}.Release|Any CPU.Build.0 = Release|Any CPU
	EndGlobalSection
EndGlobal
